
Microsoft Visual Studio Solution File, Format Version 12.00
# Visual Studio 15
VisualStudioVersion = 15.0.28307.539
MinimumVisualStudioVersion = 10.0.40219.1
Project("{FAE04EC0-301F-11D3-BF4B-00C04F79EFBC}") = "DrugsRacers", "DrugsRacers\DrugsRacers.csproj", "{38810923-0C4C-4851-8219-A61F5F22AD9D}"
EndProject
Global
	GlobalSection(SolutionConfigurationPlatforms) = preSolution
		Debug|Any CPU = Debug|Any CPU
		Release|Any CPU = Release|Any CPU
	EndGlobalSection
	GlobalSection(ProjectConfigurationPlatforms) = postSolution
		{38810923-0C4C-4851-8219-A61F5F22AD9D}.Debug|Any CPU.ActiveCfg = Debug|Any CPU
		{38810923-0C4C-4851-8219-A61F5F22AD9D}.Debug|Any CPU.Build.0 = Debug|Any CPU
		{38810923-0C4C-4851-8219-A61F5F22AD9D}.Release|Any CPU.ActiveCfg = Release|Any CPU
		{38810923-0C4C-4851-8219-A61F5F22AD9D}.Release|Any CPU.Build.0 = Release|Any CPU
	EndGlobalSection
	GlobalSection(SolutionProperties) = preSolution
		HideSolutionNode = FALSE
	EndGlobalSection
	GlobalSection(ExtensibilityGlobals) = postSolution
		SolutionGuid = {3BD7A513-A8EE-4BC4-B81E-A377A8D9FE4E}
	EndGlobalSection
EndGlobal
